# This file is autogenerated, do not edit; changes may be undone by the next 'dep ensure'.


[[projects]]
  digest = "1:a67f9275b42e8bb95ba38f705062175ef65538bcdc107e0771763e6cde80c3c3"
  name = "github.com/go-sql-driver/mysql"
  packages = ["."]
  pruneopts = ""
  revision = "17ef3dd9d98b69acec3e85878995ada9533a9370"
  version = "v1.5.0"

[[projects]]
  digest = "1:a970a0ada840519f69920ea4ce6be93ef6bbe04843730983ba699c06021fd789"
  name = "github.com/inconshreveable/log15"
  packages = ["term"]
  pruneopts = ""
  revision = "b30bc20e4fd12cec79a9aae62e91cfcf458bd253"
  version = "v2.15"

[[projects]]
  digest = "1:b424ab60bdff8b8899fa0b27c9b35083f2607fbbaa7b6430617c53ca4501d286"
  name = "github.com/lib/pq"
  packages = [
    ".",
    "oid",
    "scram",
  ]
  pruneopts = ""
  revision = "99274577be97ac9b1d95a2d61d566dc9b7cc6a54"
  version = "v1.3.0"

[[projects]]
  digest = "1:9b58ad18b38cf0d44b1d006fce319e45f200eafa406fe7f65fe0d0194b9f7a9f"
  name = "github.com/mattn/go-colorable"
  packages = ["."]
  pruneopts = ""
  revision = "98ec13f34aabf44cc914c65a1cfb7b9bc815aef1"
  version = "v0.1.4"

[[projects]]
  digest = "1:87fecb4f5564bd9bc810e4c83d4ac434fd17599edc7b35e27580c2cfc48cdb7c"
  name = "github.com/mattn/go-isatty"
  packages = ["."]
  pruneopts = ""
  revision = "7b513a986450394f7bbf1476909911b3aa3a55ce"
  version = "v0.0.12"

[[projects]]
  digest = "1:17c45c7e1dd9a5225559e9e50936c2916e57bb79d21e9f5064acb16ec11e449a"
  name = "github.com/revel/config"
  packages = ["."]
  pruneopts = ""
  revision = "a81c4105c36841d27e529f875b6062da7b8f986c"
  version = "v0.21.0"

[[projects]]
  digest = "1:f45f196b397a7697584d6235b8fdc129c4ab3289ac83b1746983a957a191ae21"
  name = "github.com/revel/log15"
  packages = ["."]
  pruneopts = ""
  revision = "793412a67da6f8d15fede4c38f5c66272478cb8a"
  version = "v2.11.20"

[[projects]]
  digest = "1:f79af6373976dd76c9bf3d5de0043d5f98158c125217424fe6b77ed5ac83afd6"
  name = "github.com/revel/modules"
  packages = [
    "static/app/controllers",
    "static/app/model",
    "testrunner/app",
    "testrunner/app/controllers",
  ]
  pruneopts = ""
  revision = "a50f5f138880b68aef235a7c1f3f09ba56b71d45"
  version = "v0.21.0"

[[projects]]
  branch = "master"
  digest = "1:3873ef6b952e4e21908cb42873ece035021820914a73eabd10c54f14548223a5"
  name = "github.com/revel/pathtree"
  packages = ["."]
  pruneopts = ""
  revision = "41257a1839e945fce74afd070e02bab2ea2c776a"

[[projects]]
  digest = "1:afc655510d75b958e91c1f156997f1b1875790c1383f9ba67a041ffe283ba604"
  name = "github.com/revel/revel"
  packages = [
    ".",
    "logger",
    "model",
    "session",
    "testing",
    "utils",
  ]
  pruneopts = ""
  revision = "a3d7a7c23ca885cc5036d3641ede49ce4a14ee2e"
  version = "v0.21.0"

[[projects]]
  digest = "1:c27b9d796a0011b90661dc71cb6627d844372327c9e1f306d0713ed679139ebf"
  name = "github.com/twinj/uuid"
  packages = ["."]
  pruneopts = ""
  revision = "835a10bbd6bce40820349a68b1368a62c3c5617c"
  version = "v1.0.0"

[[projects]]
  digest = "1:13523c966ab998994295876878a9bbecd3f37b3cd2c77a11644fe8ae63b22670"
  name = "github.com/xeonx/timeago"
  packages = ["."]
  pruneopts = ""
  revision = "4e7d8c1f9a433881f64a7f87f51e494186857982"
  version = "v1.0.0-rc4"

[[projects]]
  branch = "master"
  digest = "1:a6b4c0203496549bdd9eb7a34a9c34aa428851951f3bdea48fc3332b3633d8fe"
  name = "golang.org/x/net"
  packages = ["websocket"]
  pruneopts = ""
  revision = "16171245cfb220d5317888b716d69c1fb4e7992b"

[[projects]]
  branch = "master"
  digest = "1:3ea80848296554a023d21260e4511243daa5bf3aa32efbc1171541d14e7b47b2"
  name = "golang.org/x/sys"
  packages = ["unix"]
  pruneopts = ""
  revision = "d101bd2416d505c0448a6ce8a282482678040a89"

[[projects]]
  digest = "1:eb53021a8aa3f599d29c7102e65026242bdedce998a54837dc67f14b6a97c5fd"
  name = "gopkg.in/fsnotify/fsnotify.v1"
  packages = ["."]
  pruneopts = ""
  revision = "c2828203cd70a50dcccfb2761f8b1f8ceef9a8e9"
  version = "v1.4.7"

[[projects]]
  digest = "1:11c58e19ff7ce22740423bb933f1ddca3bf575def40d5ac3437ec12871b1648b"
  name = "gopkg.in/natefinch/lumberjack.v2"
  packages = ["."]
  pruneopts = ""
  revision = "a96e63847dc3c67d17befa69c303767e2f84e54f"
  version = "v2.1"

[[projects]]
  branch = "v0"
  digest = "1:6aec919ba0088e4eb5affc6598fa9fcd9ec71d4127a19841176570a55b908384"
  name = "gopkg.in/stack.v0"
  packages = ["."]
  pruneopts = ""
  revision = "9b43fcefddd0178abdabf4d484ab0d695d0011db"

[solve-meta]
  analyzer-name = "dep"
  analyzer-version = 1
  input-imports = [
    "github.com/go-sql-driver/mysql",
    "github.com/lib/pq",
    "github.com/revel/modules/static/app/controllers",
    "github.com/revel/modules/testrunner/app",
    "github.com/revel/modules/testrunner/app/controllers",
    "github.com/revel/revel",
    "github.com/revel/revel/testing",
  ]
  solver-name = "gps-cdcl"
  solver-version = 1
